
Microsoft Visual Studio Solution File, Format Version 12.00
Project("{FAE04EC0-301F-11D3-BF4B-00C04F79EFBC}") = "Lesson3", "Lesson3\Lesson3.csproj", "{12B4CEEF-1328-44F0-8018-5D81D352CAD1}"
EndProject
Project("{FAE04EC0-301F-11D3-BF4B-00C04F79EFBC}") = "Lesson4", "Lesson4\Lesson4.csproj", "{ECEFDA1A-61A1-4A91-B762-17F413A1449C}"
EndProject
Project("{FAE04EC0-301F-11D3-BF4B-00C04F79EFBC}") = "Lesson5", "Lesson5\Lesson5.csproj", "{1E6B225B-7FCB-4F6B-BA53-9EC6D9FE5F4A}"
EndProject
Project("{FAE04EC0-301F-11D3-BF4B-00C04F79EFBC}") = "Lesson6", "Lesson6\Lesson6.csproj", "{73C432D7-0DF1-4126-BC85-5C5F6FED9103}"
EndProject
Project("{FAE04EC0-301F-11D3-BF4B-00C04F79EFBC}") = "Lesson7", "Lesson7\Lesson7.csproj", "{7B42B6B4-5B8E-4527-91CD-BA658D07F521}"
EndProject
Project("{FAE04EC0-301F-11D3-BF4B-00C04F79EFBC}") = "Lesson8", "Lesson8\Lesson8.csproj", "{1787E9FA-5F33-426F-B063-E32CB1580554}"
EndProject
Project("{FAE04EC0-301F-11D3-BF4B-00C04F79EFBC}") = "Lesson9", "Lesson9\Lesson9.csproj", "{1C180960-F53A-4BB9-90A1-49A4D856C919}"
EndProject
Project("{FAE04EC0-301F-11D3-BF4B-00C04F79EFBC}") = "Lesson10", "Lesson10\Lesson10.csproj", "{AA39DDAE-8AED-4CE0-96B4-0C4CAB1E4C19}"
EndProject
Project("{FAE04EC0-301F-11D3-BF4B-00C04F79EFBC}") = "Lesson11", "Lesson11\Lesson11.csproj", "{19D44C25-A4E0-4F94-9FA9-F4C820EA574B}"
EndProject
Project("{FAE04EC0-301F-11D3-BF4B-00C04F79EFBC}") = "TestLesson11", "TestLesson11\TestLesson11.csproj", "{70D93384-928C-404B-9BA0-7F118165091C}"
EndProject
Project("{FAE04EC0-301F-11D3-BF4B-00C04F79EFBC}") = "Lesson12", "Lesson12\Lesson12.csproj", "{178877AD-78AA-47A6-AEC7-DE21110911A1}"
EndProject
Project("{FAE04EC0-301F-11D3-BF4B-00C04F79EFBC}") = "TestLesson12", "TestLesson12\TestLesson12.csproj", "{7F56AB93-6846-4943-9180-DFC0DA319885}"
EndProject
Project("{FAE04EC0-301F-11D3-BF4B-00C04F79EFBC}") = "Lesson13", "Lesson13\Lesson13.csproj", "{369AB963-9B40-42E6-9082-1628CE84C94B}"
EndProject
Project("{FAE04EC0-301F-11D3-BF4B-00C04F79EFBC}") = "Lesson14", "Lesson14\Lesson14.csproj", "{DAC096E9-4EE6-4211-89AA-6250BE4AE5DC}"
EndProject
Global
	GlobalSection(SolutionConfigurationPlatforms) = preSolution
		Debug|Any CPU = Debug|Any CPU
		Release|Any CPU = Release|Any CPU
	EndGlobalSection
	GlobalSection(ProjectConfigurationPlatforms) = postSolution
		{12B4CEEF-1328-44F0-8018-5D81D352CAD1}.Debug|Any CPU.ActiveCfg = Debug|Any CPU
		{12B4CEEF-1328-44F0-8018-5D81D352CAD1}.Debug|Any CPU.Build.0 = Debug|Any CPU
		{12B4CEEF-1328-44F0-8018-5D81D352CAD1}.Release|Any CPU.ActiveCfg = Release|Any CPU
		{12B4CEEF-1328-44F0-8018-5D81D352CAD1}.Release|Any CPU.Build.0 = Release|Any CPU
		{ECEFDA1A-61A1-4A91-B762-17F413A1449C}.Debug|Any CPU.ActiveCfg = Debug|Any CPU
		{ECEFDA1A-61A1-4A91-B762-17F413A1449C}.Debug|Any CPU.Build.0 = Debug|Any CPU
		{ECEFDA1A-61A1-4A91-B762-17F413A1449C}.Release|Any CPU.ActiveCfg = Release|Any CPU
		{ECEFDA1A-61A1-4A91-B762-17F413A1449C}.Release|Any CPU.Build.0 = Release|Any CPU
		{1E6B225B-7FCB-4F6B-BA53-9EC6D9FE5F4A}.Debug|Any CPU.ActiveCfg = Debug|Any CPU
		{1E6B225B-7FCB-4F6B-BA53-9EC6D9FE5F4A}.Debug|Any CPU.Build.0 = Debug|Any CPU
		{1E6B225B-7FCB-4F6B-BA53-9EC6D9FE5F4A}.Release|Any CPU.ActiveCfg = Release|Any CPU
		{1E6B225B-7FCB-4F6B-BA53-9EC6D9FE5F4A}.Release|Any CPU.Build.0 = Release|Any CPU
		{73C432D7-0DF1-4126-BC85-5C5F6FED9103}.Debug|Any CPU.ActiveCfg = Debug|Any CPU
		{73C432D7-0DF1-4126-BC85-5C5F6FED9103}.Debug|Any CPU.Build.0 = Debug|Any CPU
		{73C432D7-0DF1-4126-BC85-5C5F6FED9103}.Release|Any CPU.ActiveCfg = Release|Any CPU
		{73C432D7-0DF1-4126-BC85-5C5F6FED9103}.Release|Any CPU.Build.0 = Release|Any CPU
		{7B42B6B4-5B8E-4527-91CD-BA658D07F521}.Debug|Any CPU.ActiveCfg = Debug|Any CPU
		{7B42B6B4-5B8E-4527-91CD-BA658D07F521}.Debug|Any CPU.Build.0 = Debug|Any CPU
		{7B42B6B4-5B8E-4527-91CD-BA658D07F521}.Release|Any CPU.ActiveCfg = Release|Any CPU
		{7B42B6B4-5B8E-4527-91CD-BA658D07F521}.Release|Any CPU.Build.0 = Release|Any CPU
		{1787E9FA-5F33-426F-B063-E32CB1580554}.Debug|Any CPU.ActiveCfg = Debug|Any CPU
		{1787E9FA-5F33-426F-B063-E32CB1580554}.Debug|Any CPU.Build.0 = Debug|Any CPU
		{1787E9FA-5F33-426F-B063-E32CB1580554}.Release|Any CPU.ActiveCfg = Release|Any CPU
		{1787E9FA-5F33-426F-B063-E32CB1580554}.Release|Any CPU.Build.0 = Release|Any CPU
		{1C180960-F53A-4BB9-90A1-49A4D856C919}.Debug|Any CPU.ActiveCfg = Debug|Any CPU
		{1C180960-F53A-4BB9-90A1-49A4D856C919}.Debug|Any CPU.Build.0 = Debug|Any CPU
		{1C180960-F53A-4BB9-90A1-49A4D856C919}.Release|Any CPU.ActiveCfg = Release|Any CPU
		{1C180960-F53A-4BB9-90A1-49A4D856C919}.Release|Any CPU.Build.0 = Release|Any CPU
		{AA39DDAE-8AED-4CE0-96B4-0C4CAB1E4C19}.Debug|Any CPU.ActiveCfg = Debug|Any CPU
		{AA39DDAE-8AED-4CE0-96B4-0C4CAB1E4C19}.Debug|Any CPU.Build.0 = Debug|Any CPU
		{AA39DDAE-8AED-4CE0-96B4-0C4CAB1E4C19}.Release|Any CPU.ActiveCfg = Release|Any CPU
		{AA39DDAE-8AED-4CE0-96B4-0C4CAB1E4C19}.Release|Any CPU.Build.0 = Release|Any CPU
		{19D44C25-A4E0-4F94-9FA9-F4C820EA574B}.Debug|Any CPU.ActiveCfg = Debug|Any CPU
		{19D44C25-A4E0-4F94-9FA9-F4C820EA574B}.Debug|Any CPU.Build.0 = Debug|Any CPU
		{19D44C25-A4E0-4F94-9FA9-F4C820EA574B}.Release|Any CPU.ActiveCfg = Release|Any CPU
		{19D44C25-A4E0-4F94-9FA9-F4C820EA574B}.Release|Any CPU.Build.0 = Release|Any CPU
		{70D93384-928C-404B-9BA0-7F118165091C}.Debug|Any CPU.ActiveCfg = Debug|Any CPU
		{70D93384-928C-404B-9BA0-7F118165091C}.Debug|Any CPU.Build.0 = Debug|Any CPU
		{70D93384-928C-404B-9BA0-7F118165091C}.Release|Any CPU.ActiveCfg = Release|Any CPU
		{70D93384-928C-404B-9BA0-7F118165091C}.Release|Any CPU.Build.0 = Release|Any CPU
		{178877AD-78AA-47A6-AEC7-DE21110911A1}.Debug|Any CPU.ActiveCfg = Debug|Any CPU
		{178877AD-78AA-47A6-AEC7-DE21110911A1}.Debug|Any CPU.Build.0 = Debug|Any CPU
		{178877AD-78AA-47A6-AEC7-DE21110911A1}.Release|Any CPU.ActiveCfg = Release|Any CPU
		{178877AD-78AA-47A6-AEC7-DE21110911A1}.Release|Any CPU.Build.0 = Release|Any CPU
		{7F56AB93-6846-4943-9180-DFC0DA319885}.Debug|Any CPU.ActiveCfg = Debug|Any CPU
		{7F56AB93-6846-4943-9180-DFC0DA319885}.Debug|Any CPU.Build.0 = Debug|Any CPU
		{7F56AB93-6846-4943-9180-DFC0DA319885}.Release|Any CPU.ActiveCfg = Release|Any CPU
		{7F56AB93-6846-4943-9180-DFC0DA319885}.Release|Any CPU.Build.0 = Release|Any CPU
		{369AB963-9B40-42E6-9082-1628CE84C94B}.Debug|Any CPU.ActiveCfg = Debug|Any CPU
		{369AB963-9B40-42E6-9082-1628CE84C94B}.Debug|Any CPU.Build.0 = Debug|Any CPU
		{369AB963-9B40-42E6-9082-1628CE84C94B}.Release|Any CPU.ActiveCfg = Release|Any CPU
		{369AB963-9B40-42E6-9082-1628CE84C94B}.Release|Any CPU.Build.0 = Release|Any CPU
		{DAC096E9-4EE6-4211-89AA-6250BE4AE5DC}.Debug|Any CPU.ActiveCfg = Debug|Any CPU
		{DAC096E9-4EE6-4211-89AA-6250BE4AE5DC}.Debug|Any CPU.Build.0 = Debug|Any CPU
		{DAC096E9-4EE6-4211-89AA-6250BE4AE5DC}.Release|Any CPU.ActiveCfg = Release|Any CPU
		{DAC096E9-4EE6-4211-89AA-6250BE4AE5DC}.Release|Any CPU.Build.0 = Release|Any CPU
	EndGlobalSection
EndGlobal
